
Microsoft Visual Studio Solution File, Format Version 12.00
# Visual Studio Version 17
VisualStudioVersion = 17.3.32929.385
MinimumVisualStudioVersion = 10.0.40219.1
Project("{FAE04EC0-301F-11D3-BF4B-00C04F79EFBC}") = "UpSchool_ChainofResponsibility", "UpSchool_ChainofResponsibility\UpSchool_ChainofResponsibility.csproj", "{6616B955-D7DC-4E6C-B147-DB53BC8A1C95}"
EndProject
Global
	GlobalSection(SolutionConfigurationPlatforms) = preSolution
		Debug|Any CPU = Debug|Any CPU
		Release|Any CPU = Release|Any CPU
	EndGlobalSection
	GlobalSection(ProjectConfigurationPlatforms) = postSolution
		{6616B955-D7DC-4E6C-B147-DB53BC8A1C95}.Debug|Any CPU.ActiveCfg = Debug|Any CPU
		{6616B955-D7DC-4E6C-B147-DB53BC8A1C95}.Debug|Any CPU.Build.0 = Debug|Any CPU
		{6616B955-D7DC-4E6C-B147-DB53BC8A1C95}.Release|Any CPU.ActiveCfg = Release|Any CPU
		{6616B955-D7DC-4E6C-B147-DB53BC8A1C95}.Release|Any CPU.Build.0 = Release|Any CPU
	EndGlobalSection
	GlobalSection(SolutionProperties) = preSolution
		HideSolutionNode = FALSE
	EndGlobalSection
	GlobalSection(ExtensibilityGlobals) = postSolution
		SolutionGuid = {2AE76C7E-12D7-4801-8568-DAD06B114773}
	EndGlobalSection
EndGlobal
